
Microsoft Visual Studio Solution File, Format Version 12.00
# Visual Studio 2012
Project("{FAE04EC0-301F-11D3-BF4B-00C04F79EFBC}") = "SampleMenus", "SampleMenus\SampleMenus.csproj", "{5AEE065A-169E-4A33-AEC2-C2B1884045B2}"
EndProject
Project("{FAE04EC0-301F-11D3-BF4B-00C04F79EFBC}") = "SampleMenus.iOS", "iOS\SampleMenus.iOS.csproj", "{53ED382D-587A-49BB-BD3D-0EC8550FA928}"
EndProject
Project("{FAE04EC0-301F-11D3-BF4B-00C04F79EFBC}") = "SampleMenus.Droid", "Droid\SampleMenus.Droid.csproj", "{65E9C16F-E044-4797-88E0-C1BD2E435495}"
EndProject
Project("{FAE04EC0-301F-11D3-BF4B-00C04F79EFBC}") = "SampleMenus.UITests", "UITests\SampleMenus.UITests.csproj", "{6F957853-3F63-45E7-B410-19E9096F1688}"
EndProject
Global
	GlobalSection(SolutionConfigurationPlatforms) = preSolution
		Debug|Any CPU = Debug|Any CPU
		Release|Any CPU = Release|Any CPU
		Debug|iPhoneSimulator = Debug|iPhoneSimulator
		Release|iPhone = Release|iPhone
		Release|iPhoneSimulator = Release|iPhoneSimulator
		Debug|iPhone = Debug|iPhone
	EndGlobalSection
	GlobalSection(ProjectConfigurationPlatforms) = postSolution
		{5AEE065A-169E-4A33-AEC2-C2B1884045B2}.Debug|Any CPU.ActiveCfg = Debug|Any CPU
		{5AEE065A-169E-4A33-AEC2-C2B1884045B2}.Debug|Any CPU.Build.0 = Debug|Any CPU
		{5AEE065A-169E-4A33-AEC2-C2B1884045B2}.Release|Any CPU.ActiveCfg = Release|Any CPU
		{5AEE065A-169E-4A33-AEC2-C2B1884045B2}.Release|Any CPU.Build.0 = Release|Any CPU
		{5AEE065A-169E-4A33-AEC2-C2B1884045B2}.Debug|iPhoneSimulator.ActiveCfg = Debug|Any CPU
		{5AEE065A-169E-4A33-AEC2-C2B1884045B2}.Debug|iPhoneSimulator.Build.0 = Debug|Any CPU
		{5AEE065A-169E-4A33-AEC2-C2B1884045B2}.Release|iPhone.ActiveCfg = Release|Any CPU
		{5AEE065A-169E-4A33-AEC2-C2B1884045B2}.Release|iPhone.Build.0 = Release|Any CPU
		{5AEE065A-169E-4A33-AEC2-C2B1884045B2}.Release|iPhoneSimulator.ActiveCfg = Release|Any CPU
		{5AEE065A-169E-4A33-AEC2-C2B1884045B2}.Release|iPhoneSimulator.Build.0 = Release|Any CPU
		{5AEE065A-169E-4A33-AEC2-C2B1884045B2}.Debug|iPhone.ActiveCfg = Debug|Any CPU
		{5AEE065A-169E-4A33-AEC2-C2B1884045B2}.Debug|iPhone.Build.0 = Debug|Any CPU
		{53ED382D-587A-49BB-BD3D-0EC8550FA928}.Debug|Any CPU.ActiveCfg = Debug|iPhoneSimulator
		{53ED382D-587A-49BB-BD3D-0EC8550FA928}.Debug|Any CPU.Build.0 = Debug|iPhoneSimulator
		{53ED382D-587A-49BB-BD3D-0EC8550FA928}.Release|Any CPU.ActiveCfg = Release|iPhone
		{53ED382D-587A-49BB-BD3D-0EC8550FA928}.Release|Any CPU.Build.0 = Release|iPhone
		{53ED382D-587A-49BB-BD3D-0EC8550FA928}.Debug|iPhoneSimulator.ActiveCfg = Debug|iPhoneSimulator
		{53ED382D-587A-49BB-BD3D-0EC8550FA928}.Debug|iPhoneSimulator.Build.0 = Debug|iPhoneSimulator
		{53ED382D-587A-49BB-BD3D-0EC8550FA928}.Release|iPhone.ActiveCfg = Release|iPhone
		{53ED382D-587A-49BB-BD3D-0EC8550FA928}.Release|iPhone.Build.0 = Release|iPhone
		{53ED382D-587A-49BB-BD3D-0EC8550FA928}.Release|iPhoneSimulator.ActiveCfg = Release|iPhoneSimulator
		{53ED382D-587A-49BB-BD3D-0EC8550FA928}.Release|iPhoneSimulator.Build.0 = Release|iPhoneSimulator
		{53ED382D-587A-49BB-BD3D-0EC8550FA928}.Debug|iPhone.ActiveCfg = Debug|iPhone
		{53ED382D-587A-49BB-BD3D-0EC8550FA928}.Debug|iPhone.Build.0 = Debug|iPhone
		{65E9C16F-E044-4797-88E0-C1BD2E435495}.Debug|Any CPU.ActiveCfg = Debug|Any CPU
		{65E9C16F-E044-4797-88E0-C1BD2E435495}.Debug|Any CPU.Build.0 = Debug|Any CPU
		{65E9C16F-E044-4797-88E0-C1BD2E435495}.Release|Any CPU.ActiveCfg = Release|Any CPU
		{65E9C16F-E044-4797-88E0-C1BD2E435495}.Release|Any CPU.Build.0 = Release|Any CPU
		{65E9C16F-E044-4797-88E0-C1BD2E435495}.Debug|iPhoneSimulator.ActiveCfg = Debug|Any CPU
		{65E9C16F-E044-4797-88E0-C1BD2E435495}.Debug|iPhoneSimulator.Build.0 = Debug|Any CPU
		{65E9C16F-E044-4797-88E0-C1BD2E435495}.Release|iPhone.ActiveCfg = Release|Any CPU
		{65E9C16F-E044-4797-88E0-C1BD2E435495}.Release|iPhone.Build.0 = Release|Any CPU
		{65E9C16F-E044-4797-88E0-C1BD2E435495}.Release|iPhoneSimulator.ActiveCfg = Release|Any CPU
		{65E9C16F-E044-4797-88E0-C1BD2E435495}.Release|iPhoneSimulator.Build.0 = Release|Any CPU
		{65E9C16F-E044-4797-88E0-C1BD2E435495}.Debug|iPhone.ActiveCfg = Debug|Any CPU
		{65E9C16F-E044-4797-88E0-C1BD2E435495}.Debug|iPhone.Build.0 = Debug|Any CPU
		{6F957853-3F63-45E7-B410-19E9096F1688}.Debug|Any CPU.ActiveCfg = Debug|Any CPU
		{6F957853-3F63-45E7-B410-19E9096F1688}.Debug|Any CPU.Build.0 = Debug|Any CPU
		{6F957853-3F63-45E7-B410-19E9096F1688}.Release|Any CPU.ActiveCfg = Release|Any CPU
		{6F957853-3F63-45E7-B410-19E9096F1688}.Release|Any CPU.Build.0 = Release|Any CPU
		{6F957853-3F63-45E7-B410-19E9096F1688}.Debug|iPhoneSimulator.ActiveCfg = Debug|Any CPU
		{6F957853-3F63-45E7-B410-19E9096F1688}.Debug|iPhoneSimulator.Build.0 = Debug|Any CPU
		{6F957853-3F63-45E7-B410-19E9096F1688}.Release|iPhone.ActiveCfg = Release|Any CPU
		{6F957853-3F63-45E7-B410-19E9096F1688}.Release|iPhone.Build.0 = Release|Any CPU
		{6F957853-3F63-45E7-B410-19E9096F1688}.Release|iPhoneSimulator.ActiveCfg = Release|Any CPU
		{6F957853-3F63-45E7-B410-19E9096F1688}.Release|iPhoneSimulator.Build.0 = Release|Any CPU
		{6F957853-3F63-45E7-B410-19E9096F1688}.Debug|iPhone.ActiveCfg = Debug|Any CPU
		{6F957853-3F63-45E7-B410-19E9096F1688}.Debug|iPhone.Build.0 = Debug|Any CPU
	EndGlobalSection
EndGlobal
